
Microsoft Visual Studio Solution File, Format Version 12.00
# Visual Studio Version 16
VisualStudioVersion = 16.0.29102.190
MinimumVisualStudioVersion = 10.0.40219.1
Project("{F184B08F-C81C-45F6-A57F-5ABD9991F28F}") = "ExcelWorkbook1", "ExcelWorkbook1.vbproj", "{294849CA-EE2D-4733-A9F4-9350103D3F40}"
EndProject
Global
	GlobalSection(SolutionConfigurationPlatforms) = preSolution
		Debug|Any CPU = Debug|Any CPU
		Release|Any CPU = Release|Any CPU
	EndGlobalSection
	GlobalSection(ProjectConfigurationPlatforms) = postSolution
		{294849CA-EE2D-4733-A9F4-9350103D3F40}.Debug|Any CPU.ActiveCfg = Debug|Any CPU
		{294849CA-EE2D-4733-A9F4-9350103D3F40}.Debug|Any CPU.Build.0 = Debug|Any CPU
		{294849CA-EE2D-4733-A9F4-9350103D3F40}.Release|Any CPU.ActiveCfg = Release|Any CPU
		{294849CA-EE2D-4733-A9F4-9350103D3F40}.Release|Any CPU.Build.0 = Release|Any CPU
	EndGlobalSection
	GlobalSection(SolutionProperties) = preSolution
		HideSolutionNode = FALSE
	EndGlobalSection
	GlobalSection(ExtensibilityGlobals) = postSolution
		SolutionGuid = {883B0189-8B42-4A95-8267-4234D466B3EF}
	EndGlobalSection
EndGlobal
